// !$*UTF8*$!
{
	archiveVersion = 1;
	classes = {
	};
	objectVersion = 56;
	objects = {

/* Begin PBXBuildFile section */
		A3840AA32BD81AC100C3D3CC /* SpeedTestApp.swift in Sources */ = {isa = PBXBuildFile; fileRef = A3840AA22BD81AC100C3D3CC /* SpeedTestApp.swift */; };
		A3840AA52BD81AC100C3D3CC /* TabBarView.swift in Sources */ = {isa = PBXBuildFile; fileRef = A3840AA42BD81AC100C3D3CC /* TabBarView.swift */; };
		A3840AA72BD81AC200C3D3CC /* Assets.xcassets in Resources */ = {isa = PBXBuildFile; fileRef = A3840AA62BD81AC200C3D3CC /* Assets.xcassets */; };
		A3840AAA2BD81AC200C3D3CC /* Preview Assets.xcassets in Resources */ = {isa = PBXBuildFile; fileRef = A3840AA92BD81AC200C3D3CC /* Preview Assets.xcassets */; };
		A3840AAC2BD81AC200C3D3CC /* Persistence.swift in Sources */ = {isa = PBXBuildFile; fileRef = A3840AAB2BD81AC200C3D3CC /* Persistence.swift */; };
		A3840AAF2BD81AC200C3D3CC /* Settings.xcdatamodeld in Sources */ = {isa = PBXBuildFile; fileRef = A3840AAD2BD81AC200C3D3CC /* Settings.xcdatamodeld */; };
		A3840AB62BD81B0700C3D3CC /* MainView.swift in Sources */ = {isa = PBXBuildFile; fileRef = A3840AB52BD81B0700C3D3CC /* MainView.swift */; };
		A3840AB82BD81B1100C3D3CC /* SettingsView.swift in Sources */ = {isa = PBXBuildFile; fileRef = A3840AB72BD81B1100C3D3CC /* SettingsView.swift */; };
		A3840ABD2BD821A300C3D3CC /* SpeedTestService.swift in Sources */ = {isa = PBXBuildFile; fileRef = A3840ABC2BD821A300C3D3CC /* SpeedTestService.swift */; };
		A3840AC02BD8245600C3D3CC /* Alamofire in Frameworks */ = {isa = PBXBuildFile; productRef = A3840ABF2BD8245600C3D3CC /* Alamofire */; };
		A3840AC22BD8245600C3D3CC /* AlamofireDynamic in Frameworks */ = {isa = PBXBuildFile; productRef = A3840AC12BD8245600C3D3CC /* AlamofireDynamic */; };
		A3840AC42BD82C7100C3D3CC /* SettingsViewModel.swift in Sources */ = {isa = PBXBuildFile; fileRef = A3840AC32BD82C7100C3D3CC /* SettingsViewModel.swift */; };
		A3840AC72BD85A9E00C3D3CC /* Environment.swift in Sources */ = {isa = PBXBuildFile; fileRef = A3840AC62BD85A9E00C3D3CC /* Environment.swift */; };
		A3840AC92BD85BE100C3D3CC /* MainViewModel.swift in Sources */ = {isa = PBXBuildFile; fileRef = A3840AC82BD85BE100C3D3CC /* MainViewModel.swift */; };
		A3840AD82BD93B2000C3D3CC /* Endpoints.swift in Sources */ = {isa = PBXBuildFile; fileRef = A3840AD72BD93B2000C3D3CC /* Endpoints.swift */; };
/* End PBXBuildFile section */

/* Begin PBXFileReference section */
		A3840A9F2BD81AC100C3D3CC /* SpeedTest.app */ = {isa = PBXFileReference; explicitFileType = wrapper.application; includeInIndex = 0; path = SpeedTest.app; sourceTree = BUILT_PRODUCTS_DIR; };
		A3840AA22BD81AC100C3D3CC /* SpeedTestApp.swift */ = {isa = PBXFileReference; lastKnownFileType = sourcecode.swift; path = SpeedTestApp.swift; sourceTree = "<group>"; };
		A3840AA42BD81AC100C3D3CC /* TabBarView.swift */ = {isa = PBXFileReference; lastKnownFileType = sourcecode.swift; path = TabBarView.swift; sourceTree = "<group>"; };
		A3840AA62BD81AC200C3D3CC /* Assets.xcassets */ = {isa = PBXFileReference; lastKnownFileType = folder.assetcatalog; path = Assets.xcassets; sourceTree = "<group>"; };
		A3840AA92BD81AC200C3D3CC /* Preview Assets.xcassets */ = {isa = PBXFileReference; lastKnownFileType = folder.assetcatalog; path = "Preview Assets.xcassets"; sourceTree = "<group>"; };
		A3840AAB2BD81AC200C3D3CC /* Persistence.swift */ = {isa = PBXFileReference; lastKnownFileType = sourcecode.swift; path = Persistence.swift; sourceTree = "<group>"; };
		A3840AAE2BD81AC200C3D3CC /* SpeedTest.xcdatamodel */ = {isa = PBXFileReference; lastKnownFileType = wrapper.xcdatamodel; path = SpeedTest.xcdatamodel; sourceTree = "<group>"; };
		A3840AB52BD81B0700C3D3CC /* MainView.swift */ = {isa = PBXFileReference; lastKnownFileType = sourcecode.swift; path = MainView.swift; sourceTree = "<group>"; };
		A3840AB72BD81B1100C3D3CC /* SettingsView.swift */ = {isa = PBXFileReference; lastKnownFileType = sourcecode.swift; path = SettingsView.swift; sourceTree = "<group>"; };
		A3840ABC2BD821A300C3D3CC /* SpeedTestService.swift */ = {isa = PBXFileReference; lastKnownFileType = sourcecode.swift; path = SpeedTestService.swift; sourceTree = "<group>"; };
		A3840AC32BD82C7100C3D3CC /* SettingsViewModel.swift */ = {isa = PBXFileReference; lastKnownFileType = sourcecode.swift; path = SettingsViewModel.swift; sourceTree = "<group>"; };
		A3840AC52BD8301E00C3D3CC /* Info.plist */ = {isa = PBXFileReference; lastKnownFileType = text.plist.xml; path = Info.plist; sourceTree = "<group>"; };
		A3840AC62BD85A9E00C3D3CC /* Environment.swift */ = {isa = PBXFileReference; lastKnownFileType = sourcecode.swift; path = Environment.swift; sourceTree = "<group>"; };
		A3840AC82BD85BE100C3D3CC /* MainViewModel.swift */ = {isa = PBXFileReference; lastKnownFileType = sourcecode.swift; path = MainViewModel.swift; sourceTree = "<group>"; };
		A3840AD72BD93B2000C3D3CC /* Endpoints.swift */ = {isa = PBXFileReference; lastKnownFileType = sourcecode.swift; path = Endpoints.swift; sourceTree = "<group>"; };
/* End PBXFileReference section */

/* Begin PBXFrameworksBuildPhase section */
		A3840A9C2BD81AC100C3D3CC /* Frameworks */ = {
			isa = PBXFrameworksBuildPhase;
			buildActionMask = 2147483647;
			files = (
				A3840AC22BD8245600C3D3CC /* AlamofireDynamic in Frameworks */,
				A3840AC02BD8245600C3D3CC /* Alamofire in Frameworks */,
			);
			runOnlyForDeploymentPostprocessing = 0;
		};
/* End PBXFrameworksBuildPhase section */

/* Begin PBXGroup section */
		A3840A962BD81AC000C3D3CC = {
			isa = PBXGroup;
			children = (
				A3840AA12BD81AC100C3D3CC /* SpeedTest */,
				A3840AA02BD81AC100C3D3CC /* Products */,
			);
			sourceTree = "<group>";
		};
		A3840AA02BD81AC100C3D3CC /* Products */ = {
			isa = PBXGroup;
			children = (
				A3840A9F2BD81AC100C3D3CC /* SpeedTest.app */,
			);
			name = Products;
			sourceTree = "<group>";
		};
		A3840AA12BD81AC100C3D3CC /* SpeedTest */ = {
			isa = PBXGroup;
			children = (
				A3840AD62BD93B0F00C3D3CC /* Enums */,
				A3840ACC2BD8639D00C3D3CC /* App */,
				A3840AD32BD863EE00C3D3CC /* Core */,
				A3840ACD2BD863AC00C3D3CC /* Services */,
				A3840AA62BD81AC200C3D3CC /* Assets.xcassets */,
				A3840AA82BD81AC200C3D3CC /* Preview Content */,
			);
			path = SpeedTest;
			sourceTree = "<group>";
		};
		A3840AA82BD81AC200C3D3CC /* Preview Content */ = {
			isa = PBXGroup;
			children = (
				A3840AA92BD81AC200C3D3CC /* Preview Assets.xcassets */,
			);
			path = "Preview Content";
			sourceTree = "<group>";
		};
		A3840ACC2BD8639D00C3D3CC /* App */ = {
			isa = PBXGroup;
			children = (
				A3840AC52BD8301E00C3D3CC /* Info.plist */,
				A3840AC62BD85A9E00C3D3CC /* Environment.swift */,
				A3840AA22BD81AC100C3D3CC /* SpeedTestApp.swift */,
			);
			path = App;
			sourceTree = "<group>";
		};
		A3840ACD2BD863AC00C3D3CC /* Services */ = {
			isa = PBXGroup;
			children = (
				A3840ACF2BD863C500C3D3CC /* SpeedTest */,
				A3840ACE2BD863B800C3D3CC /* CoreData */,
			);
			path = Services;
			sourceTree = "<group>";
		};
		A3840ACE2BD863B800C3D3CC /* CoreData */ = {
			isa = PBXGroup;
			children = (
				A3840AAB2BD81AC200C3D3CC /* Persistence.swift */,
				A3840AAD2BD81AC200C3D3CC /* Settings.xcdatamodeld */,
			);
			path = CoreData;
			sourceTree = "<group>";
		};
		A3840ACF2BD863C500C3D3CC /* SpeedTest */ = {
			isa = PBXGroup;
			children = (
				A3840ABC2BD821A300C3D3CC /* SpeedTestService.swift */,
			);
			path = SpeedTest;
			sourceTree = "<group>";
		};
		A3840AD32BD863EE00C3D3CC /* Core */ = {
			isa = PBXGroup;
			children = (
				A3840AD52BD8640000C3D3CC /* SettingsView */,
				A3840AD42BD863F600C3D3CC /* MainView */,
				A3840AA42BD81AC100C3D3CC /* TabBarView.swift */,
			);
			path = Core;
			sourceTree = "<group>";
		};
		A3840AD42BD863F600C3D3CC /* MainView */ = {
			isa = PBXGroup;
			children = (
				A3840AB52BD81B0700C3D3CC /* MainView.swift */,
				A3840AC82BD85BE100C3D3CC /* MainViewModel.swift */,
			);
			path = MainView;
			sourceTree = "<group>";
		};
		A3840AD52BD8640000C3D3CC /* SettingsView */ = {
			isa = PBXGroup;
			children = (
				A3840AB72BD81B1100C3D3CC /* SettingsView.swift */,
				A3840AC32BD82C7100C3D3CC /* SettingsViewModel.swift */,
			);
			path = SettingsView;
			sourceTree = "<group>";
		};
		A3840AD62BD93B0F00C3D3CC /* Enums */ = {
			isa = PBXGroup;
			children = (
				A3840AD72BD93B2000C3D3CC /* Endpoints.swift */,
			);
			path = Enums;
			sourceTree = "<group>";
		};
/* End PBXGroup section */

/* Begin PBXNativeTarget section */
		A3840A9E2BD81AC100C3D3CC /* SpeedTest */ = {
			isa = PBXNativeTarget;
			buildConfigurationList = A3840AB22BD81AC200C3D3CC /* Build configuration list for PBXNativeTarget "SpeedTest" */;
			buildPhases = (
				A3840A9B2BD81AC100C3D3CC /* Sources */,
				A3840A9C2BD81AC100C3D3CC /* Frameworks */,
				A3840A9D2BD81AC100C3D3CC /* Resources */,
			);
			buildRules = (
			);
			dependencies = (
			);
			name = SpeedTest;
			packageProductDependencies = (
				A3840ABF2BD8245600C3D3CC /* Alamofire */,
				A3840AC12BD8245600C3D3CC /* AlamofireDynamic */,
			);
			productName = SpeedTest;
			productReference = A3840A9F2BD81AC100C3D3CC /* SpeedTest.app */;
			productType = "com.apple.product-type.application";
		};
/* End PBXNativeTarget section */

/* Begin PBXProject section */
		A3840A972BD81AC100C3D3CC /* Project object */ = {
			isa = PBXProject;
			attributes = {
				BuildIndependentTargetsInParallel = 1;
				LastSwiftUpdateCheck = 1530;
				LastUpgradeCheck = 1530;
				TargetAttributes = {
					A3840A9E2BD81AC100C3D3CC = {
						CreatedOnToolsVersion = 15.3;
					};
				};
			};
			buildConfigurationList = A3840A9A2BD81AC100C3D3CC /* Build configuration list for PBXProject "SpeedTest" */;
			compatibilityVersion = "Xcode 14.0";
			developmentRegion = en;
			hasScannedForEncodings = 0;
			knownRegions = (
				en,
				Base,
			);
			mainGroup = A3840A962BD81AC000C3D3CC;
			packageReferences = (
				A3840ABE2BD8245600C3D3CC /* XCRemoteSwiftPackageReference "Alamofire" */,
			);
			productRefGroup = A3840AA02BD81AC100C3D3CC /* Products */;
			projectDirPath = "";
			projectRoot = "";
			targets = (
				A3840A9E2BD81AC100C3D3CC /* SpeedTest */,
			);
		};
/* End PBXProject section */

/* Begin PBXResourcesBuildPhase section */
		A3840A9D2BD81AC100C3D3CC /* Resources */ = {
			isa = PBXResourcesBuildPhase;
			buildActionMask = 2147483647;
			files = (
				A3840AAA2BD81AC200C3D3CC /* Preview Assets.xcassets in Resources */,
				A3840AA72BD81AC200C3D3CC /* Assets.xcassets in Resources */,
			);
			runOnlyForDeploymentPostprocessing = 0;
		};
/* End PBXResourcesBuildPhase section */

/* Begin PBXSourcesBuildPhase section */
		A3840A9B2BD81AC100C3D3CC /* Sources */ = {
			isa = PBXSourcesBuildPhase;
			buildActionMask = 2147483647;
			files = (
				A3840AAC2BD81AC200C3D3CC /* Persistence.swift in Sources */,
				A3840ABD2BD821A300C3D3CC /* SpeedTestService.swift in Sources */,
				A3840AA52BD81AC100C3D3CC /* TabBarView.swift in Sources */,
				A3840AC72BD85A9E00C3D3CC /* Environment.swift in Sources */,
				A3840AA32BD81AC100C3D3CC /* SpeedTestApp.swift in Sources */,
				A3840AC92BD85BE100C3D3CC /* MainViewModel.swift in Sources */,
				A3840AB82BD81B1100C3D3CC /* SettingsView.swift in Sources */,
				A3840AB62BD81B0700C3D3CC /* MainView.swift in Sources */,
				A3840AAF2BD81AC200C3D3CC /* Settings.xcdatamodeld in Sources */,
				A3840AC42BD82C7100C3D3CC /* SettingsViewModel.swift in Sources */,
				A3840AD82BD93B2000C3D3CC /* Endpoints.swift in Sources */,
			);
			runOnlyForDeploymentPostprocessing = 0;
		};
/* End PBXSourcesBuildPhase section */

/* Begin XCBuildConfiguration section */
		A3840AB02BD81AC200C3D3CC /* Debug */ = {
			isa = XCBuildConfiguration;
			buildSettings = {
				ALWAYS_SEARCH_USER_PATHS = NO;
				ASSETCATALOG_COMPILER_GENERATE_SWIFT_ASSET_SYMBOL_EXTENSIONS = YES;
				CLANG_ANALYZER_NONNULL = YES;
				CLANG_ANALYZER_NUMBER_OBJECT_CONVERSION = YES_AGGRESSIVE;
				CLANG_CXX_LANGUAGE_STANDARD = "gnu++20";
				CLANG_ENABLE_MODULES = YES;
				CLANG_ENABLE_OBJC_ARC = YES;
				CLANG_ENABLE_OBJC_WEAK = YES;
				CLANG_WARN_BLOCK_CAPTURE_AUTORELEASING = YES;
				CLANG_WARN_BOOL_CONVERSION = YES;
				CLANG_WARN_COMMA = YES;
				CLANG_WARN_CONSTANT_CONVERSION = YES;
				CLANG_WARN_DEPRECATED_OBJC_IMPLEMENTATIONS = YES;
				CLANG_WARN_DIRECT_OBJC_ISA_USAGE = YES_ERROR;
				CLANG_WARN_DOCUMENTATION_COMMENTS = YES;
				CLANG_WARN_EMPTY_BODY = YES;
				CLANG_WARN_ENUM_CONVERSION = YES;
				CLANG_WARN_INFINITE_RECURSION = YES;
				CLANG_WARN_INT_CONVERSION = YES;
				CLANG_WARN_NON_LITERAL_NULL_CONVERSION = YES;
				CLANG_WARN_OBJC_IMPLICIT_RETAIN_SELF = YES;
				CLANG_WARN_OBJC_LITERAL_CONVERSION = YES;
				CLANG_WARN_OBJC_ROOT_CLASS = YES_ERROR;
				CLANG_WARN_QUOTED_INCLUDE_IN_FRAMEWORK_HEADER = YES;
				CLANG_WARN_RANGE_LOOP_ANALYSIS = YES;
				CLANG_WARN_STRICT_PROTOTYPES = YES;
				CLANG_WARN_SUSPICIOUS_MOVE = YES;
				CLANG_WARN_UNGUARDED_AVAILABILITY = YES_AGGRESSIVE;
				CLANG_WARN_UNREACHABLE_CODE = YES;
				CLANG_WARN__DUPLICATE_METHOD_MATCH = YES;
				COPY_PHASE_STRIP = NO;
				DEBUG_INFORMATION_FORMAT = dwarf;
				ENABLE_STRICT_OBJC_MSGSEND = YES;
				ENABLE_TESTABILITY = YES;
				ENABLE_USER_SCRIPT_SANDBOXING = YES;
				GCC_C_LANGUAGE_STANDARD = gnu17;
				GCC_DYNAMIC_NO_PIC = NO;
				GCC_NO_COMMON_BLOCKS = YES;
				GCC_OPTIMIZATION_LEVEL = 0;
				GCC_PREPROCESSOR_DEFINITIONS = (
					"DEBUG=1",
					"$(inherited)",
				);
				GCC_WARN_64_TO_32_BIT_CONVERSION = YES;
				GCC_WARN_ABOUT_RETURN_TYPE = YES_ERROR;
				GCC_WARN_UNDECLARED_SELECTOR = YES;
				GCC_WARN_UNINITIALIZED_AUTOS = YES_AGGRESSIVE;
				GCC_WARN_UNUSED_FUNCTION = YES;
				GCC_WARN_UNUSED_VARIABLE = YES;
				IPHONEOS_DEPLOYMENT_TARGET = 17.4;
				LOCALIZATION_PREFERS_STRING_CATALOGS = YES;
				MTL_ENABLE_DEBUG_INFO = INCLUDE_SOURCE;
				MTL_FAST_MATH = YES;
				ONLY_ACTIVE_ARCH = YES;
				SDKROOT = iphoneos;
				SWIFT_ACTIVE_COMPILATION_CONDITIONS = "DEBUG $(inherited)";
				SWIFT_OPTIMIZATION_LEVEL = "-Onone";
			};
			name = Debug;
		};
		A3840AB12BD81AC200C3D3CC /* Release */ = {
			isa = XCBuildConfiguration;
			buildSettings = {
				ALWAYS_SEARCH_USER_PATHS = NO;
				ASSETCATALOG_COMPILER_GENERATE_SWIFT_ASSET_SYMBOL_EXTENSIONS = YES;
				CLANG_ANALYZER_NONNULL = YES;
				CLANG_ANALYZER_NUMBER_OBJECT_CONVERSION = YES_AGGRESSIVE;
				CLANG_CXX_LANGUAGE_STANDARD = "gnu++20";
				CLANG_ENABLE_MODULES = YES;
				CLANG_ENABLE_OBJC_ARC = YES;
				CLANG_ENABLE_OBJC_WEAK = YES;
				CLANG_WARN_BLOCK_CAPTURE_AUTORELEASING = YES;
				CLANG_WARN_BOOL_CONVERSION = YES;
				CLANG_WARN_COMMA = YES;
				CLANG_WARN_CONSTANT_CONVERSION = YES;
				CLANG_WARN_DEPRECATED_OBJC_IMPLEMENTATIONS = YES;
				CLANG_WARN_DIRECT_OBJC_ISA_USAGE = YES_ERROR;
				CLANG_WARN_DOCUMENTATION_COMMENTS = YES;
				CLANG_WARN_EMPTY_BODY = YES;
				CLANG_WARN_ENUM_CONVERSION = YES;
				CLANG_WARN_INFINITE_RECURSION = YES;
				CLANG_WARN_INT_CONVERSION = YES;
				CLANG_WARN_NON_LITERAL_NULL_CONVERSION = YES;
				CLANG_WARN_OBJC_IMPLICIT_RETAIN_SELF = YES;
				CLANG_WARN_OBJC_LITERAL_CONVERSION = YES;
				CLANG_WARN_OBJC_ROOT_CLASS = YES_ERROR;
				CLANG_WARN_QUOTED_INCLUDE_IN_FRAMEWORK_HEADER = YES;
				CLANG_WARN_RANGE_LOOP_ANALYSIS = YES;
				CLANG_WARN_STRICT_PROTOTYPES = YES;
				CLANG_WARN_SUSPICIOUS_MOVE = YES;
				CLANG_WARN_UNGUARDED_AVAILABILITY = YES_AGGRESSIVE;
				CLANG_WARN_UNREACHABLE_CODE = YES;
				CLANG_WARN__DUPLICATE_METHOD_MATCH = YES;
				COPY_PHASE_STRIP = NO;
				DEBUG_INFORMATION_FORMAT = "dwarf-with-dsym";
				ENABLE_NS_ASSERTIONS = NO;
				ENABLE_STRICT_OBJC_MSGSEND = YES;
				ENABLE_USER_SCRIPT_SANDBOXING = YES;
				GCC_C_LANGUAGE_STANDARD = gnu17;
				GCC_NO_COMMON_BLOCKS = YES;
				GCC_WARN_64_TO_32_BIT_CONVERSION = YES;
				GCC_WARN_ABOUT_RETURN_TYPE = YES_ERROR;
				GCC_WARN_UNDECLARED_SELECTOR = YES;
				GCC_WARN_UNINITIALIZED_AUTOS = YES_AGGRESSIVE;
				GCC_WARN_UNUSED_FUNCTION = YES;
				GCC_WARN_UNUSED_VARIABLE = YES;
				IPHONEOS_DEPLOYMENT_TARGET = 17.4;
				LOCALIZATION_PREFERS_STRING_CATALOGS = YES;
				MTL_ENABLE_DEBUG_INFO = NO;
				MTL_FAST_MATH = YES;
				SDKROOT = iphoneos;
				SWIFT_COMPILATION_MODE = wholemodule;
				VALIDATE_PRODUCT = YES;
			};
			name = Release;
		};
		A3840AB32BD81AC200C3D3CC /* Debug */ = {
			isa = XCBuildConfiguration;
			buildSettings = {
				ASSETCATALOG_COMPILER_APPICON_NAME = AppIcon;
				ASSETCATALOG_COMPILER_GLOBAL_ACCENT_COLOR_NAME = AccentColor;
				CODE_SIGN_STYLE = Automatic;
				CURRENT_PROJECT_VERSION = 1;
				DEVELOPMENT_ASSET_PATHS = "\"SpeedTest/Preview Content\"";
				DEVELOPMENT_TEAM = UN5MX5RT64;
				ENABLE_PREVIEWS = YES;
				GENERATE_INFOPLIST_FILE = YES;
				INFOPLIST_FILE = SpeedTest/App/Info.plist;
				INFOPLIST_KEY_LSApplicationCategoryType = NSAppTransportSecurity;
				INFOPLIST_KEY_UIApplicationSceneManifest_Generation = YES;
				INFOPLIST_KEY_UIApplicationSupportsIndirectInputEvents = YES;
				INFOPLIST_KEY_UILaunchScreen_Generation = YES;
				INFOPLIST_KEY_UISupportedInterfaceOrientations_iPad = "UIInterfaceOrientationPortrait UIInterfaceOrientationPortraitUpsideDown UIInterfaceOrientationLandscapeLeft UIInterfaceOrientationLandscapeRight";
				INFOPLIST_KEY_UISupportedInterfaceOrientations_iPhone = "UIInterfaceOrientationPortrait UIInterfaceOrientationLandscapeLeft UIInterfaceOrientationLandscapeRight";
				LD_RUNPATH_SEARCH_PATHS = (
					"$(inherited)",
					"@executable_path/Frameworks",
				);
				MARKETING_VERSION = 1.0;
				PRODUCT_BUNDLE_IDENTIFIER = Evgenii.Mikhailov.SpeedTest;
				PRODUCT_NAME = "$(TARGET_NAME)";
				SWIFT_EMIT_LOC_STRINGS = YES;
				SWIFT_VERSION = 5.0;
				TARGETED_DEVICE_FAMILY = "1,2";
			};
			name = Debug;
		};
		A3840AB42BD81AC200C3D3CC /* Release */ = {
			isa = XCBuildConfiguration;
			buildSettings = {
				ASSETCATALOG_COMPILER_APPICON_NAME = AppIcon;
				ASSETCATALOG_COMPILER_GLOBAL_ACCENT_COLOR_NAME = AccentColor;
				CODE_SIGN_STYLE = Automatic;
				CURRENT_PROJECT_VERSION = 1;
				DEVELOPMENT_ASSET_PATHS = "\"SpeedTest/Preview Content\"";
				DEVELOPMENT_TEAM = UN5MX5RT64;
				ENABLE_PREVIEWS = YES;
				GENERATE_INFOPLIST_FILE = YES;
				INFOPLIST_FILE = SpeedTest/App/Info.plist;
				INFOPLIST_KEY_LSApplicationCategoryType = NSAppTransportSecurity;
				INFOPLIST_KEY_UIApplicationSceneManifest_Generation = YES;
				INFOPLIST_KEY_UIApplicationSupportsIndirectInputEvents = YES;
				INFOPLIST_KEY_UILaunchScreen_Generation = YES;
				INFOPLIST_KEY_UISupportedInterfaceOrientations_iPad = "UIInterfaceOrientationPortrait UIInterfaceOrientationPortraitUpsideDown UIInterfaceOrientationLandscapeLeft UIInterfaceOrientationLandscapeRight";
				INFOPLIST_KEY_UISupportedInterfaceOrientations_iPhone = "UIInterfaceOrientationPortrait UIInterfaceOrientationLandscapeLeft UIInterfaceOrientationLandscapeRight";
				LD_RUNPATH_SEARCH_PATHS = (
					"$(inherited)",
					"@executable_path/Frameworks",
				);
				MARKETING_VERSION = 1.0;
				PRODUCT_BUNDLE_IDENTIFIER = Evgenii.Mikhailov.SpeedTest;
				PRODUCT_NAME = "$(TARGET_NAME)";
				SWIFT_EMIT_LOC_STRINGS = YES;
				SWIFT_VERSION = 5.0;
				TARGETED_DEVICE_FAMILY = "1,2";
			};
			name = Release;
		};
/* End XCBuildConfiguration section */

/* Begin XCConfigurationList section */
		A3840A9A2BD81AC100C3D3CC /* Build configuration list for PBXProject "SpeedTest" */ = {
			isa = XCConfigurationList;
			buildConfigurations = (
				A3840AB02BD81AC200C3D3CC /* Debug */,
				A3840AB12BD81AC200C3D3CC /* Release */,
			);
			defaultConfigurationIsVisible = 0;
			defaultConfigurationName = Release;
		};
		A3840AB22BD81AC200C3D3CC /* Build configuration list for PBXNativeTarget "SpeedTest" */ = {
			isa = XCConfigurationList;
			buildConfigurations = (
				A3840AB32BD81AC200C3D3CC /* Debug */,
				A3840AB42BD81AC200C3D3CC /* Release */,
			);
			defaultConfigurationIsVisible = 0;
			defaultConfigurationName = Release;
		};
/* End XCConfigurationList section */

/* Begin XCRemoteSwiftPackageReference section */
		A3840ABE2BD8245600C3D3CC /* XCRemoteSwiftPackageReference "Alamofire" */ = {
			isa = XCRemoteSwiftPackageReference;
			repositoryURL = "https://github.com/Alamofire/Alamofire";
			requirement = {
				kind = upToNextMajorVersion;
				minimumVersion = 5.9.1;
			};
		};
/* End XCRemoteSwiftPackageReference section */

/* Begin XCSwiftPackageProductDependency section */
		A3840ABF2BD8245600C3D3CC /* Alamofire */ = {
			isa = XCSwiftPackageProductDependency;
			package = A3840ABE2BD8245600C3D3CC /* XCRemoteSwiftPackageReference "Alamofire" */;
			productName = Alamofire;
		};
		A3840AC12BD8245600C3D3CC /* AlamofireDynamic */ = {
			isa = XCSwiftPackageProductDependency;
			package = A3840ABE2BD8245600C3D3CC /* XCRemoteSwiftPackageReference "Alamofire" */;
			productName = AlamofireDynamic;
		};
/* End XCSwiftPackageProductDependency section */

/* Begin XCVersionGroup section */
		A3840AAD2BD81AC200C3D3CC /* Settings.xcdatamodeld */ = {
			isa = XCVersionGroup;
			children = (
				A3840AAE2BD81AC200C3D3CC /* SpeedTest.xcdatamodel */,
			);
			currentVersion = A3840AAE2BD81AC200C3D3CC /* SpeedTest.xcdatamodel */;
			path = Settings.xcdatamodeld;
			sourceTree = "<group>";
			versionGroupType = wrapper.xcdatamodel;
		};
/* End XCVersionGroup section */
	};
	rootObject = A3840A972BD81AC100C3D3CC /* Project object */;
}
